
Microsoft Visual Studio Solution File, Format Version 12.00
# Visual Studio Version 17
VisualStudioVersion = 17.6.33829.357
MinimumVisualStudioVersion = 10.0.40219.1
Project("{FAE04EC0-301F-11D3-BF4B-00C04F79EFBC}") = "PracticingNetCorMultiAuth", "PracticingNetCorMultiAuth.csproj", "{A68EE2A0-722A-4023-A569-7AB01EB3443B}"
EndProject
Global
	GlobalSection(SolutionConfigurationPlatforms) = preSolution
		Debug|Any CPU = Debug|Any CPU
		Release|Any CPU = Release|Any CPU
	EndGlobalSection
	GlobalSection(ProjectConfigurationPlatforms) = postSolution
		{A68EE2A0-722A-4023-A569-7AB01EB3443B}.Debug|Any CPU.ActiveCfg = Debug|Any CPU
		{A68EE2A0-722A-4023-A569-7AB01EB3443B}.Debug|Any CPU.Build.0 = Debug|Any CPU
		{A68EE2A0-722A-4023-A569-7AB01EB3443B}.Release|Any CPU.ActiveCfg = Release|Any CPU
		{A68EE2A0-722A-4023-A569-7AB01EB3443B}.Release|Any CPU.Build.0 = Release|Any CPU
	EndGlobalSection
	GlobalSection(SolutionProperties) = preSolution
		HideSolutionNode = FALSE
	EndGlobalSection
	GlobalSection(ExtensibilityGlobals) = postSolution
		SolutionGuid = {B8F5DF92-470A-440A-BEC7-B232A62B7DD1}
	EndGlobalSection
EndGlobal
